
Microsoft Visual Studio Solution File, Format Version 12.00
# Visual Studio Version 17
VisualStudioVersion = 17.13.35507.96 d17.13
MinimumVisualStudioVersion = 10.0.40219.1
Project("{FAE04EC0-301F-11D3-BF4B-00C04F79EFBC}") = "LauncherGames", "LauncherGames\LauncherGames.csproj", "{F9187CBB-EA7A-4DEF-980F-47307036F1BE}"
EndProject
Project("{FAE04EC0-301F-11D3-BF4B-00C04F79EFBC}") = "Flappy Bird Game", "Flappy Bird Game\Flappy Bird Game.csproj", "{37B99A0A-6593-4E98-BDE9-7B83BFA04E91}"
EndProject
Global
	GlobalSection(SolutionConfigurationPlatforms) = preSolution
		Debug|Any CPU = Debug|Any CPU
		Release|Any CPU = Release|Any CPU
	EndGlobalSection
	GlobalSection(ProjectConfigurationPlatforms) = postSolution
		{F9187CBB-EA7A-4DEF-980F-47307036F1BE}.Debug|Any CPU.ActiveCfg = Debug|Any CPU
		{F9187CBB-EA7A-4DEF-980F-47307036F1BE}.Debug|Any CPU.Build.0 = Debug|Any CPU
		{F9187CBB-EA7A-4DEF-980F-47307036F1BE}.Release|Any CPU.ActiveCfg = Release|Any CPU
		{F9187CBB-EA7A-4DEF-980F-47307036F1BE}.Release|Any CPU.Build.0 = Release|Any CPU
		{37B99A0A-6593-4E98-BDE9-7B83BFA04E91}.Debug|Any CPU.ActiveCfg = Debug|Any CPU
		{37B99A0A-6593-4E98-BDE9-7B83BFA04E91}.Debug|Any CPU.Build.0 = Debug|Any CPU
		{37B99A0A-6593-4E98-BDE9-7B83BFA04E91}.Release|Any CPU.ActiveCfg = Release|Any CPU
		{37B99A0A-6593-4E98-BDE9-7B83BFA04E91}.Release|Any CPU.Build.0 = Release|Any CPU
	EndGlobalSection
	GlobalSection(SolutionProperties) = preSolution
		HideSolutionNode = FALSE
	EndGlobalSection
	GlobalSection(ExtensibilityGlobals) = postSolution
		SolutionGuid = {2F136A83-33FC-4B57-8631-3C8314BA326F}
	EndGlobalSection
EndGlobal
